
Microsoft Visual Studio Solution File, Format Version 12.00
# Visual Studio Version 17
Project("{8BC9CEB8-8B4A-11D0-8D11-00A0C91BC942}") = "ALL_BUILD", "ALL_BUILD.vcxproj", "{C1081BB3-2E9D-355A-A73C-D904AAE90618}"
	ProjectSection(ProjectDependencies) = postProject
		{E207CC5B-612E-34FC-A005-6AB00B4BB37F} = {E207CC5B-612E-34FC-A005-6AB00B4BB37F}
		{EB27A6D2-4A95-331E-9395-A29CA32720EA} = {EB27A6D2-4A95-331E-9395-A29CA32720EA}
		{C2FFEC37-37A4-3E4E-8C49-12EFA7B8B4FA} = {C2FFEC37-37A4-3E4E-8C49-12EFA7B8B4FA}
	EndProjectSection
EndProject
Project("{8BC9CEB8-8B4A-11D0-8D11-00A0C91BC942}") = "INSTALL", "INSTALL.vcxproj", "{EBE0693D-7ADC-3275-A044-406BD4118F29}"
	ProjectSection(ProjectDependencies) = postProject
		{C1081BB3-2E9D-355A-A73C-D904AAE90618} = {C1081BB3-2E9D-355A-A73C-D904AAE90618}
		{E207CC5B-612E-34FC-A005-6AB00B4BB37F} = {E207CC5B-612E-34FC-A005-6AB00B4BB37F}
	EndProjectSection
EndProject
Project("{8BC9CEB8-8B4A-11D0-8D11-00A0C91BC942}") = "RUN_TESTS", "RUN_TESTS.vcxproj", "{1BF31E40-D094-3F2E-A6D9-8B1F451F4B03}"
	ProjectSection(ProjectDependencies) = postProject
		{E207CC5B-612E-34FC-A005-6AB00B4BB37F} = {E207CC5B-612E-34FC-A005-6AB00B4BB37F}
	EndProjectSection
EndProject
Project("{8BC9CEB8-8B4A-11D0-8D11-00A0C91BC942}") = "ZERO_CHECK", "..\..\\ZERO_CHECK.vcxproj", "{E207CC5B-612E-34FC-A005-6AB00B4BB37F}"
	ProjectSection(ProjectDependencies) = postProject
	EndProjectSection
EndProject
Project("{8BC9CEB8-8B4A-11D0-8D11-00A0C91BC942}") = "gtest", "gtest.vcxproj", "{EB27A6D2-4A95-331E-9395-A29CA32720EA}"
	ProjectSection(ProjectDependencies) = postProject
		{E207CC5B-612E-34FC-A005-6AB00B4BB37F} = {E207CC5B-612E-34FC-A005-6AB00B4BB37F}
	EndProjectSection
EndProject
Project("{8BC9CEB8-8B4A-11D0-8D11-00A0C91BC942}") = "gtest_main", "gtest_main.vcxproj", "{C2FFEC37-37A4-3E4E-8C49-12EFA7B8B4FA}"
	ProjectSection(ProjectDependencies) = postProject
		{E207CC5B-612E-34FC-A005-6AB00B4BB37F} = {E207CC5B-612E-34FC-A005-6AB00B4BB37F}
		{EB27A6D2-4A95-331E-9395-A29CA32720EA} = {EB27A6D2-4A95-331E-9395-A29CA32720EA}
	EndProjectSection
EndProject
Global
	GlobalSection(SolutionConfigurationPlatforms) = preSolution
		Debug|x64 = Debug|x64
		Release|x64 = Release|x64
		MinSizeRel|x64 = MinSizeRel|x64
		RelWithDebInfo|x64 = RelWithDebInfo|x64
	EndGlobalSection
	GlobalSection(ProjectConfigurationPlatforms) = postSolution
		{C1081BB3-2E9D-355A-A73C-D904AAE90618}.Debug|x64.ActiveCfg = Debug|x64
		{C1081BB3-2E9D-355A-A73C-D904AAE90618}.Debug|x64.Build.0 = Debug|x64
		{C1081BB3-2E9D-355A-A73C-D904AAE90618}.Release|x64.ActiveCfg = Release|x64
		{C1081BB3-2E9D-355A-A73C-D904AAE90618}.Release|x64.Build.0 = Release|x64
		{C1081BB3-2E9D-355A-A73C-D904AAE90618}.MinSizeRel|x64.ActiveCfg = MinSizeRel|x64
		{C1081BB3-2E9D-355A-A73C-D904AAE90618}.MinSizeRel|x64.Build.0 = MinSizeRel|x64
		{C1081BB3-2E9D-355A-A73C-D904AAE90618}.RelWithDebInfo|x64.ActiveCfg = RelWithDebInfo|x64
		{C1081BB3-2E9D-355A-A73C-D904AAE90618}.RelWithDebInfo|x64.Build.0 = RelWithDebInfo|x64
		{EBE0693D-7ADC-3275-A044-406BD4118F29}.Debug|x64.ActiveCfg = Debug|x64
		{EBE0693D-7ADC-3275-A044-406BD4118F29}.Release|x64.ActiveCfg = Release|x64
		{EBE0693D-7ADC-3275-A044-406BD4118F29}.MinSizeRel|x64.ActiveCfg = MinSizeRel|x64
		{EBE0693D-7ADC-3275-A044-406BD4118F29}.RelWithDebInfo|x64.ActiveCfg = RelWithDebInfo|x64
		{1BF31E40-D094-3F2E-A6D9-8B1F451F4B03}.Debug|x64.ActiveCfg = Debug|x64
		{1BF31E40-D094-3F2E-A6D9-8B1F451F4B03}.Release|x64.ActiveCfg = Release|x64
		{1BF31E40-D094-3F2E-A6D9-8B1F451F4B03}.MinSizeRel|x64.ActiveCfg = MinSizeRel|x64
		{1BF31E40-D094-3F2E-A6D9-8B1F451F4B03}.RelWithDebInfo|x64.ActiveCfg = RelWithDebInfo|x64
		{E207CC5B-612E-34FC-A005-6AB00B4BB37F}.Debug|x64.ActiveCfg = Debug|x64
		{E207CC5B-612E-34FC-A005-6AB00B4BB37F}.Debug|x64.Build.0 = Debug|x64
		{E207CC5B-612E-34FC-A005-6AB00B4BB37F}.Release|x64.ActiveCfg = Release|x64
		{E207CC5B-612E-34FC-A005-6AB00B4BB37F}.Release|x64.Build.0 = Release|x64
		{E207CC5B-612E-34FC-A005-6AB00B4BB37F}.MinSizeRel|x64.ActiveCfg = MinSizeRel|x64
		{E207CC5B-612E-34FC-A005-6AB00B4BB37F}.MinSizeRel|x64.Build.0 = MinSizeRel|x64
		{E207CC5B-612E-34FC-A005-6AB00B4BB37F}.RelWithDebInfo|x64.ActiveCfg = RelWithDebInfo|x64
		{E207CC5B-612E-34FC-A005-6AB00B4BB37F}.RelWithDebInfo|x64.Build.0 = RelWithDebInfo|x64
		{EB27A6D2-4A95-331E-9395-A29CA32720EA}.Debug|x64.ActiveCfg = Debug|x64
		{EB27A6D2-4A95-331E-9395-A29CA32720EA}.Debug|x64.Build.0 = Debug|x64
		{EB27A6D2-4A95-331E-9395-A29CA32720EA}.Release|x64.ActiveCfg = Release|x64
		{EB27A6D2-4A95-331E-9395-A29CA32720EA}.Release|x64.Build.0 = Release|x64
		{EB27A6D2-4A95-331E-9395-A29CA32720EA}.MinSizeRel|x64.ActiveCfg = MinSizeRel|x64
		{EB27A6D2-4A95-331E-9395-A29CA32720EA}.MinSizeRel|x64.Build.0 = MinSizeRel|x64
		{EB27A6D2-4A95-331E-9395-A29CA32720EA}.RelWithDebInfo|x64.ActiveCfg = RelWithDebInfo|x64
		{EB27A6D2-4A95-331E-9395-A29CA32720EA}.RelWithDebInfo|x64.Build.0 = RelWithDebInfo|x64
		{C2FFEC37-37A4-3E4E-8C49-12EFA7B8B4FA}.Debug|x64.ActiveCfg = Debug|x64
		{C2FFEC37-37A4-3E4E-8C49-12EFA7B8B4FA}.Debug|x64.Build.0 = Debug|x64
		{C2FFEC37-37A4-3E4E-8C49-12EFA7B8B4FA}.Release|x64.ActiveCfg = Release|x64
		{C2FFEC37-37A4-3E4E-8C49-12EFA7B8B4FA}.Release|x64.Build.0 = Release|x64
		{C2FFEC37-37A4-3E4E-8C49-12EFA7B8B4FA}.MinSizeRel|x64.ActiveCfg = MinSizeRel|x64
		{C2FFEC37-37A4-3E4E-8C49-12EFA7B8B4FA}.MinSizeRel|x64.Build.0 = MinSizeRel|x64
		{C2FFEC37-37A4-3E4E-8C49-12EFA7B8B4FA}.RelWithDebInfo|x64.ActiveCfg = RelWithDebInfo|x64
		{C2FFEC37-37A4-3E4E-8C49-12EFA7B8B4FA}.RelWithDebInfo|x64.Build.0 = RelWithDebInfo|x64
	EndGlobalSection
	GlobalSection(ExtensibilityGlobals) = postSolution
		SolutionGuid = {2D2CDAB9-6365-3EC9-B5E2-E215A0E4B067}
	EndGlobalSection
	GlobalSection(ExtensibilityAddIns) = postSolution
	EndGlobalSection
EndGlobal
